{
  "version": 4,
  "terraform_version": "1.7.4",
  "serial": 3,
  "lineage": "fd6799c8-296e-2b40-bfd3-34a9dc6f268e",
  "outputs": {},
  "resources": [
    {
      "module": "module.myvpc1",
      "mode": "managed",
      "type": "aws_vpc",
      "name": "my-vpc-1",
      "provider": "provider[\"registry.terraform.io/hashicorp/aws\"]",
      "instances": [
        {
          "schema_version": 1,
          "attributes": {
            "arn": "arn:aws:ec2:ap-southeast-2:211125759186:vpc/vpc-09b48a2243d60ce08",
            "assign_generated_ipv6_cidr_block": false,
            "cidr_block": "10.0.10.0/24",
            "default_network_acl_id": "acl-0bbf60db30c9b1f26",
            "default_route_table_id": "rtb-0953a350a9dee5f34",
            "default_security_group_id": "sg-0f3552ef9579aaf86",
            "dhcp_options_id": "dopt-0433e1e73086eafee",
            "enable_dns_hostnames": false,
            "enable_dns_support": true,
            "enable_network_address_usage_metrics": false,
            "id": "vpc-09b48a2243d60ce08",
            "instance_tenancy": "default",
            "ipv4_ipam_pool_id": null,
            "ipv4_netmask_length": null,
            "ipv6_association_id": "",
            "ipv6_cidr_block": "",
            "ipv6_cidr_block_network_border_group": "",
            "ipv6_ipam_pool_id": "",
            "ipv6_netmask_length": 0,
            "main_route_table_id": "rtb-0953a350a9dee5f34",
            "owner_id": "211125759186",
            "tags": {
              "Name": "UAT-vpc"
            },
            "tags_all": {
              "Name": "UAT-vpc"
            }
          },
          "sensitive_attributes": [],
          "private": "eyJzY2hlbWFfdmVyc2lvbiI6IjEifQ=="
        }
      ]
    }
  ],
  "check_results": null
}
